
Microsoft Visual Studio Solution File, Format Version 12.00
# Visual Studio 15
VisualStudioVersion = 15.0.27703.2035
MinimumVisualStudioVersion = 10.0.40219.1
Project("{FAE04EC0-301F-11D3-BF4B-00C04F79EFBC}") = "ASP.NET_MVC5_-Ch16-CMS範例實戰", "ASP.NET_MVC5_-Ch16-CMS範例實戰\ASP.NET_MVC5_-Ch16-CMS範例實戰.csproj", "{A1DC3CE4-6384-411C-A89D-42BB9C3D3EB4}"
EndProject
Global
	GlobalSection(SolutionConfigurationPlatforms) = preSolution
		Debug|Any CPU = Debug|Any CPU
		Release|Any CPU = Release|Any CPU
	EndGlobalSection
	GlobalSection(ProjectConfigurationPlatforms) = postSolution
		{A1DC3CE4-6384-411C-A89D-42BB9C3D3EB4}.Debug|Any CPU.ActiveCfg = Debug|Any CPU
		{A1DC3CE4-6384-411C-A89D-42BB9C3D3EB4}.Debug|Any CPU.Build.0 = Debug|Any CPU
		{A1DC3CE4-6384-411C-A89D-42BB9C3D3EB4}.Release|Any CPU.ActiveCfg = Release|Any CPU
		{A1DC3CE4-6384-411C-A89D-42BB9C3D3EB4}.Release|Any CPU.Build.0 = Release|Any CPU
	EndGlobalSection
	GlobalSection(SolutionProperties) = preSolution
		HideSolutionNode = FALSE
	EndGlobalSection
	GlobalSection(ExtensibilityGlobals) = postSolution
		SolutionGuid = {006FEB68-23E8-4AB1-8B10-57F14DA19D60}
	EndGlobalSection
EndGlobal
